{
  "originHash" : "870a52cc3f789256b59851180a0620012bc98b818705c610550c8eb631188f87",
  "pins" : [
    {
      "identity" : "oneplus-ui",
      "kind" : "remoteSourceControl",
      "location" : "https://github.com/surajmandalcell/oneplus-ui.git",
      "state" : {
        "revision" : "3d0b643e14b4d1005c42305ecec6cda284220738",
        "version" : "1.0.0"
      }
    }
  ],
  "version" : 3
}
