{
  "originHash" : "1283eaf02af829515030b2aa93b7cd14f734bb134f8875a05ea2e19cd926c86f",
  "pins" : [
    {
      "identity" : "oneplus-ui",
      "kind" : "remoteSourceControl",
      "location" : "https://github.com/surajmandalcell/oneplus-ui.git",
      "state" : {
        "revision" : "0516519beae49c7c288dfc4f32a931699ce430a3",
        "version" : "1.0.2"
      }
    }
  ],
  "version" : 3
}
