{
  "originHash" : "b74931591c74f33141bfae2662006abed62c9896098b38c77f7f9fdb54bcd84d",
  "pins" : [
    {
      "identity" : "oneplus-ui",
      "kind" : "remoteSourceControl",
      "location" : "https://github.com/surajmandalcell/oneplus-ui.git",
      "state" : {
        "revision" : "e6a1843f138e0373c12d8ea55991dcaf10adc519",
        "version" : "1.0.3"
      }
    }
  ],
  "version" : 3
}
